
Microsoft Visual Studio Solution File, Format Version 12.00
# Visual Studio Version 17
VisualStudioVersion = 17.11.35208.52
MinimumVisualStudioVersion = 10.0.40219.1
Project("{FAE04EC0-301F-11D3-BF4B-00C04F79EFBC}") = "testApi", "testApi\testApi.csproj", "{40AE3CB3-883D-424D-9674-1D3B5BB4C332}"
EndProject
Global
	GlobalSection(SolutionConfigurationPlatforms) = preSolution
		Debug|Any CPU = Debug|Any CPU
		Release|Any CPU = Release|Any CPU
	EndGlobalSection
	GlobalSection(ProjectConfigurationPlatforms) = postSolution
		{40AE3CB3-883D-424D-9674-1D3B5BB4C332}.Debug|Any CPU.ActiveCfg = Debug|Any CPU
		{40AE3CB3-883D-424D-9674-1D3B5BB4C332}.Debug|Any CPU.Build.0 = Debug|Any CPU
		{40AE3CB3-883D-424D-9674-1D3B5BB4C332}.Release|Any CPU.ActiveCfg = Release|Any CPU
		{40AE3CB3-883D-424D-9674-1D3B5BB4C332}.Release|Any CPU.Build.0 = Release|Any CPU
	EndGlobalSection
	GlobalSection(SolutionProperties) = preSolution
		HideSolutionNode = FALSE
	EndGlobalSection
	GlobalSection(ExtensibilityGlobals) = postSolution
		SolutionGuid = {D9F1C816-78E2-4495-BE9C-077D87E10B61}
	EndGlobalSection
EndGlobal
